
Microsoft Visual Studio Solution File, Format Version 12.00
# Blend for Visual Studio 15
VisualStudioVersion = 15.0.27703.2035
MinimumVisualStudioVersion = 10.0.40219.1
Project("{FAE04EC0-301F-11D3-BF4B-00C04F79EFBC}") = "Braces.UI", "Braces.UI\Braces.UI.csproj", "{605CBD24-6C1B-4ACD-98EC-CB3425DC7FA4}"
EndProject
Project("{FAE04EC0-301F-11D3-BF4B-00C04F79EFBC}") = "Braces.Core", "Braces.Core\Braces.Core.csproj", "{821AB101-8D7F-4ED7-B455-04248F303DA6}"
EndProject
Global
	GlobalSection(SolutionConfigurationPlatforms) = preSolution
		Debug|Any CPU = Debug|Any CPU
		Release|Any CPU = Release|Any CPU
	EndGlobalSection
	GlobalSection(ProjectConfigurationPlatforms) = postSolution
		{605CBD24-6C1B-4ACD-98EC-CB3425DC7FA4}.Debug|Any CPU.ActiveCfg = Debug|Any CPU
		{605CBD24-6C1B-4ACD-98EC-CB3425DC7FA4}.Debug|Any CPU.Build.0 = Debug|Any CPU
		{605CBD24-6C1B-4ACD-98EC-CB3425DC7FA4}.Release|Any CPU.ActiveCfg = Release|Any CPU
		{605CBD24-6C1B-4ACD-98EC-CB3425DC7FA4}.Release|Any CPU.Build.0 = Release|Any CPU
		{821AB101-8D7F-4ED7-B455-04248F303DA6}.Debug|Any CPU.ActiveCfg = Debug|Any CPU
		{821AB101-8D7F-4ED7-B455-04248F303DA6}.Debug|Any CPU.Build.0 = Debug|Any CPU
		{821AB101-8D7F-4ED7-B455-04248F303DA6}.Release|Any CPU.ActiveCfg = Release|Any CPU
		{821AB101-8D7F-4ED7-B455-04248F303DA6}.Release|Any CPU.Build.0 = Release|Any CPU
	EndGlobalSection
	GlobalSection(SolutionProperties) = preSolution
		HideSolutionNode = FALSE
	EndGlobalSection
	GlobalSection(ExtensibilityGlobals) = postSolution
		SolutionGuid = {EB51DC9E-1AF1-4434-8481-CDA888CCF8D3}
	EndGlobalSection
EndGlobal
