
Microsoft Visual Studio Solution File, Format Version 12.00
# Visual Studio Version 16
VisualStudioVersion = 16.0.28822.285
MinimumVisualStudioVersion = 10.0.40219.1
Project("{9A19103F-16F7-4668-BE54-9A1E7A4F7556}") = "Braces.Core", "Braces.Core\Braces.Core.csproj", "{821AB101-8D7F-4ED7-B455-04248F303DA6}"
EndProject
Project("{2150E333-8FDC-42A3-9474-1A3956D46DE8}") = "Solution Items", "Solution Items", "{9DA503C8-EF15-4A73-A9A6-F16B1D7CEEE1}"
	ProjectSection(SolutionItems) = preProject
		.dockerignore = .dockerignore
		scripts\docker-build-container-win.bat = scripts\docker-build-container-win.bat
		LICENSE.md = LICENSE.md
		README.md = README.md
		TODO.md = TODO.md
	EndProjectSection
EndProject
Project("{9A19103F-16F7-4668-BE54-9A1E7A4F7556}") = "Braces.ApiServer", "Braces.ApiServer\Braces.ApiServer.csproj", "{9403A01A-6985-4323-BB6E-F5AFB6FD44F0}"
EndProject
Project("{2150E333-8FDC-42A3-9474-1A3956D46DE8}") = "Plugins", "Plugins", "{73F6E659-93F4-4E05-9990-7F524748C87A}"
EndProject
Project("{9A19103F-16F7-4668-BE54-9A1E7A4F7556}") = "Braces.PluginHost", "Braces.PluginHost\Braces.PluginHost.csproj", "{4F9D33CD-DFB4-4A94-9EC2-1DE27D23D7B5}"
EndProject
Project("{9A19103F-16F7-4668-BE54-9A1E7A4F7556}") = "Braces.UI.WPF", "Braces.UI.WPF\Braces.UI.WPF.csproj", "{2F6484EA-0F0A-409E-975B-4D89A46FAA6D}"
EndProject
Project("{9A19103F-16F7-4668-BE54-9A1E7A4F7556}") = "TesterPlugin", "Plugins\TesterPlugin\TesterPlugin.csproj", "{2C4A1C7D-1E43-4CE2-927B-C21ADA7F86D4}"
EndProject
Project("{9A19103F-16F7-4668-BE54-9A1E7A4F7556}") = "Braces_JSONBeautifier", "Plugins\Braces_JSONBeautifier\Braces_JSONBeautifier.csproj", "{27ED5926-0410-4132-96EC-349A9B4EEAF5}"
EndProject
Project("{9A19103F-16F7-4668-BE54-9A1E7A4F7556}") = "Braces.UI.Curses", "Braces.UI.Curses\Braces.UI.Curses.csproj", "{1DEF98B4-2884-4A59-8223-391D1F7E2CC4}"
EndProject
Global
	GlobalSection(SolutionConfigurationPlatforms) = preSolution
		Debug|Any CPU = Debug|Any CPU
		Release|Any CPU = Release|Any CPU
	EndGlobalSection
	GlobalSection(ProjectConfigurationPlatforms) = postSolution
		{821AB101-8D7F-4ED7-B455-04248F303DA6}.Debug|Any CPU.ActiveCfg = Debug|Any CPU
		{821AB101-8D7F-4ED7-B455-04248F303DA6}.Debug|Any CPU.Build.0 = Debug|Any CPU
		{821AB101-8D7F-4ED7-B455-04248F303DA6}.Release|Any CPU.ActiveCfg = Release|Any CPU
		{821AB101-8D7F-4ED7-B455-04248F303DA6}.Release|Any CPU.Build.0 = Release|Any CPU
		{9403A01A-6985-4323-BB6E-F5AFB6FD44F0}.Debug|Any CPU.ActiveCfg = Debug|Any CPU
		{9403A01A-6985-4323-BB6E-F5AFB6FD44F0}.Debug|Any CPU.Build.0 = Debug|Any CPU
		{9403A01A-6985-4323-BB6E-F5AFB6FD44F0}.Release|Any CPU.ActiveCfg = Release|Any CPU
		{9403A01A-6985-4323-BB6E-F5AFB6FD44F0}.Release|Any CPU.Build.0 = Release|Any CPU
		{4F9D33CD-DFB4-4A94-9EC2-1DE27D23D7B5}.Debug|Any CPU.ActiveCfg = Debug|Any CPU
		{4F9D33CD-DFB4-4A94-9EC2-1DE27D23D7B5}.Debug|Any CPU.Build.0 = Debug|Any CPU
		{4F9D33CD-DFB4-4A94-9EC2-1DE27D23D7B5}.Release|Any CPU.ActiveCfg = Release|Any CPU
		{4F9D33CD-DFB4-4A94-9EC2-1DE27D23D7B5}.Release|Any CPU.Build.0 = Release|Any CPU
		{2F6484EA-0F0A-409E-975B-4D89A46FAA6D}.Debug|Any CPU.ActiveCfg = Debug|Any CPU
		{2F6484EA-0F0A-409E-975B-4D89A46FAA6D}.Debug|Any CPU.Build.0 = Debug|Any CPU
		{2F6484EA-0F0A-409E-975B-4D89A46FAA6D}.Release|Any CPU.ActiveCfg = Release|Any CPU
		{2F6484EA-0F0A-409E-975B-4D89A46FAA6D}.Release|Any CPU.Build.0 = Release|Any CPU
		{2C4A1C7D-1E43-4CE2-927B-C21ADA7F86D4}.Debug|Any CPU.ActiveCfg = Debug|Any CPU
		{2C4A1C7D-1E43-4CE2-927B-C21ADA7F86D4}.Debug|Any CPU.Build.0 = Debug|Any CPU
		{2C4A1C7D-1E43-4CE2-927B-C21ADA7F86D4}.Release|Any CPU.ActiveCfg = Release|Any CPU
		{2C4A1C7D-1E43-4CE2-927B-C21ADA7F86D4}.Release|Any CPU.Build.0 = Release|Any CPU
		{27ED5926-0410-4132-96EC-349A9B4EEAF5}.Debug|Any CPU.ActiveCfg = Debug|Any CPU
		{27ED5926-0410-4132-96EC-349A9B4EEAF5}.Debug|Any CPU.Build.0 = Debug|Any CPU
		{27ED5926-0410-4132-96EC-349A9B4EEAF5}.Release|Any CPU.ActiveCfg = Release|Any CPU
		{27ED5926-0410-4132-96EC-349A9B4EEAF5}.Release|Any CPU.Build.0 = Release|Any CPU
		{1DEF98B4-2884-4A59-8223-391D1F7E2CC4}.Debug|Any CPU.ActiveCfg = Debug|Any CPU
		{1DEF98B4-2884-4A59-8223-391D1F7E2CC4}.Debug|Any CPU.Build.0 = Debug|Any CPU
		{1DEF98B4-2884-4A59-8223-391D1F7E2CC4}.Release|Any CPU.ActiveCfg = Release|Any CPU
		{1DEF98B4-2884-4A59-8223-391D1F7E2CC4}.Release|Any CPU.Build.0 = Release|Any CPU
	EndGlobalSection
	GlobalSection(SolutionProperties) = preSolution
		HideSolutionNode = FALSE
	EndGlobalSection
	GlobalSection(NestedProjects) = preSolution
		{2C4A1C7D-1E43-4CE2-927B-C21ADA7F86D4} = {73F6E659-93F4-4E05-9990-7F524748C87A}
		{27ED5926-0410-4132-96EC-349A9B4EEAF5} = {73F6E659-93F4-4E05-9990-7F524748C87A}
	EndGlobalSection
	GlobalSection(ExtensibilityGlobals) = postSolution
		SolutionGuid = {EB51DC9E-1AF1-4434-8481-CDA888CCF8D3}
	EndGlobalSection
EndGlobal
